
Microsoft Visual Studio Solution File, Format Version 12.00
# Visual Studio Version 17
VisualStudioVersion = 17.8.34330.188
MinimumVisualStudioVersion = 10.0.40219.1
Project("{2150E333-8FDC-42A3-9474-1A3956D46DE8}") = "ChainOfResponsibilityDesignPattern", "ChainOfResponsibilityDesignPattern", "{CFE394EE-7979-4B85-90F2-AEAE2DB9DE23}"
EndProject
Project("{FAE04EC0-301F-11D3-BF4B-00C04F79EFBC}") = "DesignPattern.ChainOfResponsibility", "ChainOfResponsibilityDesignPattern\DesignPattern.ChainOfResponsibility\DesignPattern.ChainOfResponsibility.csproj", "{730F0B7A-BF92-4525-B38B-44C23D66AB01}"
EndProject
Global
	GlobalSection(SolutionConfigurationPlatforms) = preSolution
		Debug|Any CPU = Debug|Any CPU
		Release|Any CPU = Release|Any CPU
	EndGlobalSection
	GlobalSection(ProjectConfigurationPlatforms) = postSolution
		{730F0B7A-BF92-4525-B38B-44C23D66AB01}.Debug|Any CPU.ActiveCfg = Debug|Any CPU
		{730F0B7A-BF92-4525-B38B-44C23D66AB01}.Debug|Any CPU.Build.0 = Debug|Any CPU
		{730F0B7A-BF92-4525-B38B-44C23D66AB01}.Release|Any CPU.ActiveCfg = Release|Any CPU
		{730F0B7A-BF92-4525-B38B-44C23D66AB01}.Release|Any CPU.Build.0 = Release|Any CPU
	EndGlobalSection
	GlobalSection(SolutionProperties) = preSolution
		HideSolutionNode = FALSE
	EndGlobalSection
	GlobalSection(NestedProjects) = preSolution
		{730F0B7A-BF92-4525-B38B-44C23D66AB01} = {CFE394EE-7979-4B85-90F2-AEAE2DB9DE23}
	EndGlobalSection
	GlobalSection(ExtensibilityGlobals) = postSolution
		SolutionGuid = {77FFAB5D-69A9-47A2-8E18-B9719FD2832A}
	EndGlobalSection
EndGlobal
